
Microsoft Visual Studio Solution File, Format Version 12.00
Project("{FAE04EC0-301F-11D3-BF4B-00C04F79EFBC}") = "GraphNet", "GraphNet.csproj", "{67D214B0-304D-406D-8A30-8342E48D2733}"
EndProject
Global
	GlobalSection(SolutionConfigurationPlatforms) = preSolution
		Debug|Any CPU = Debug|Any CPU
		Release|Any CPU = Release|Any CPU
	EndGlobalSection
	GlobalSection(ProjectConfigurationPlatforms) = postSolution
		{67D214B0-304D-406D-8A30-8342E48D2733}.Debug|Any CPU.ActiveCfg = Debug|Any CPU
		{67D214B0-304D-406D-8A30-8342E48D2733}.Debug|Any CPU.Build.0 = Debug|Any CPU
		{67D214B0-304D-406D-8A30-8342E48D2733}.Release|Any CPU.ActiveCfg = Release|Any CPU
		{67D214B0-304D-406D-8A30-8342E48D2733}.Release|Any CPU.Build.0 = Release|Any CPU
	EndGlobalSection
EndGlobal
